
Microsoft Visual Studio Solution File, Format Version 12.00
# Visual Studio Version 17
VisualStudioVersion = 17.7.34024.191
MinimumVisualStudioVersion = 10.0.40219.1
Project("{FAE04EC0-301F-11D3-BF4B-00C04F79EFBC}") = "BrayanQuiz_2DSB", "BrayanQuiz_2DSB\BrayanQuiz_2DSB.csproj", "{71D47F66-B60E-465B-A11F-92516855DFFC}"
EndProject
Global
	GlobalSection(SolutionConfigurationPlatforms) = preSolution
		Debug|Any CPU = Debug|Any CPU
		Release|Any CPU = Release|Any CPU
	EndGlobalSection
	GlobalSection(ProjectConfigurationPlatforms) = postSolution
		{71D47F66-B60E-465B-A11F-92516855DFFC}.Debug|Any CPU.ActiveCfg = Debug|Any CPU
		{71D47F66-B60E-465B-A11F-92516855DFFC}.Debug|Any CPU.Build.0 = Debug|Any CPU
		{71D47F66-B60E-465B-A11F-92516855DFFC}.Release|Any CPU.ActiveCfg = Release|Any CPU
		{71D47F66-B60E-465B-A11F-92516855DFFC}.Release|Any CPU.Build.0 = Release|Any CPU
	EndGlobalSection
	GlobalSection(SolutionProperties) = preSolution
		HideSolutionNode = FALSE
	EndGlobalSection
	GlobalSection(ExtensibilityGlobals) = postSolution
		SolutionGuid = {75F3E839-EEBE-44EA-8937-5433C9B192A9}
	EndGlobalSection
EndGlobal
